
Microsoft Visual Studio Solution File, Format Version 12.00
# Visual Studio Version 16
VisualStudioVersion = 16.0.30320.27
MinimumVisualStudioVersion = 10.0.40219.1
Project("{9A19103F-16F7-4668-BE54-9A1E7A4F7556}") = "WebApplication1", "WebApplication1\WebApplication1.csproj", "{B8AA9F9D-5010-4F49-955C-812BAA953BF3}"
EndProject
Project("{2150E333-8FDC-42A3-9474-1A3956D46DE8}") = "Solution Items", "Solution Items", "{C13BA325-340B-4F76-9DE9-9E9807BBA51C}"
	ProjectSection(SolutionItems) = preProject
		README.md = README.md
	EndProjectSection
EndProject
Project("{FAE04EC0-301F-11D3-BF4B-00C04F79EFBC}") = "eshopSolution1.Data", "eshopSolution1.Data\eshopSolution1.Data.csproj", "{C272B515-AF98-46CB-84FF-3EE0CC6DE7C5}"
EndProject
Project("{FAE04EC0-301F-11D3-BF4B-00C04F79EFBC}") = "eshopSolution1.Application", "eshopSolution1.Application\eshopSolution1.Application.csproj", "{6622C7FA-7955-4E6D-B9D1-8B37C8EF0B54}"
EndProject
Global
	GlobalSection(SolutionConfigurationPlatforms) = preSolution
		Debug|Any CPU = Debug|Any CPU
		Release|Any CPU = Release|Any CPU
	EndGlobalSection
	GlobalSection(ProjectConfigurationPlatforms) = postSolution
		{B8AA9F9D-5010-4F49-955C-812BAA953BF3}.Debug|Any CPU.ActiveCfg = Debug|Any CPU
		{B8AA9F9D-5010-4F49-955C-812BAA953BF3}.Debug|Any CPU.Build.0 = Debug|Any CPU
		{B8AA9F9D-5010-4F49-955C-812BAA953BF3}.Release|Any CPU.ActiveCfg = Release|Any CPU
		{B8AA9F9D-5010-4F49-955C-812BAA953BF3}.Release|Any CPU.Build.0 = Release|Any CPU
		{C272B515-AF98-46CB-84FF-3EE0CC6DE7C5}.Debug|Any CPU.ActiveCfg = Debug|Any CPU
		{C272B515-AF98-46CB-84FF-3EE0CC6DE7C5}.Debug|Any CPU.Build.0 = Debug|Any CPU
		{C272B515-AF98-46CB-84FF-3EE0CC6DE7C5}.Release|Any CPU.ActiveCfg = Release|Any CPU
		{C272B515-AF98-46CB-84FF-3EE0CC6DE7C5}.Release|Any CPU.Build.0 = Release|Any CPU
		{6622C7FA-7955-4E6D-B9D1-8B37C8EF0B54}.Debug|Any CPU.ActiveCfg = Debug|Any CPU
		{6622C7FA-7955-4E6D-B9D1-8B37C8EF0B54}.Debug|Any CPU.Build.0 = Debug|Any CPU
		{6622C7FA-7955-4E6D-B9D1-8B37C8EF0B54}.Release|Any CPU.ActiveCfg = Release|Any CPU
		{6622C7FA-7955-4E6D-B9D1-8B37C8EF0B54}.Release|Any CPU.Build.0 = Release|Any CPU
	EndGlobalSection
	GlobalSection(SolutionProperties) = preSolution
		HideSolutionNode = FALSE
	EndGlobalSection
	GlobalSection(ExtensibilityGlobals) = postSolution
		SolutionGuid = {742628B7-DB54-48B0-9244-AA3D554CB40F}
	EndGlobalSection
EndGlobal
